
Microsoft Visual Studio Solution File, Format Version 12.00
# Visual Studio 15
VisualStudioVersion = 15.0.26730.12
MinimumVisualStudioVersion = 10.0.40219.1
Project("{FAE04EC0-301F-11D3-BF4B-00C04F79EFBC}") = "test_Expression_web", "test_Expression_web\test_Expression_web.csproj", "{B11A5287-1AFD-48E8-85C6-C93FE22FF8C7}"
EndProject
Global
	GlobalSection(SolutionConfigurationPlatforms) = preSolution
		Debug|Any CPU = Debug|Any CPU
		Release|Any CPU = Release|Any CPU
	EndGlobalSection
	GlobalSection(ProjectConfigurationPlatforms) = postSolution
		{B11A5287-1AFD-48E8-85C6-C93FE22FF8C7}.Debug|Any CPU.ActiveCfg = Debug|Any CPU
		{B11A5287-1AFD-48E8-85C6-C93FE22FF8C7}.Debug|Any CPU.Build.0 = Debug|Any CPU
		{B11A5287-1AFD-48E8-85C6-C93FE22FF8C7}.Release|Any CPU.ActiveCfg = Release|Any CPU
		{B11A5287-1AFD-48E8-85C6-C93FE22FF8C7}.Release|Any CPU.Build.0 = Release|Any CPU
	EndGlobalSection
	GlobalSection(SolutionProperties) = preSolution
		HideSolutionNode = FALSE
	EndGlobalSection
	GlobalSection(ExtensibilityGlobals) = postSolution
		SolutionGuid = {67B9996A-DC51-4F3C-907A-7FC256A15D53}
	EndGlobalSection
EndGlobal
